# This file is autogenerated, do not edit; changes may be undone by the next 'dep ensure'.


[[projects]]
  digest = "1:c1100fc71e23b6a32b2c68a5202a848fd13811d5a10b12edb8019c3667d1cd9a"
  name = "github.com/cenkalti/backoff"
  packages = ["."]
  pruneopts = "UT"
  revision = "4b4cebaf850ec58f1bb1fec5bdebdf8501c2bc3f"
  version = "v3.0.0"

[[projects]]
  branch = "master"
  digest = "1:577bebb81dd9727b50705e898ee28f8cef844499b033b9a636a5de83ad7c87b5"
  name = "github.com/dghubble/go-twitter"
  packages = ["twitter"]
  pruneopts = "UT"
  revision = "53f972dc4b060ca0107e36a9b118d88c97d816e5"

[[projects]]
  digest = "1:f3cacf5fd0e718de3f43af615e84372b318f61889140f6854f98b05894001d99"
  name = "github.com/dghubble/oauth1"
  packages = ["."]
  pruneopts = "UT"
  revision = "f0fe2bff8fbf301b33359ca431e4afc90390aab0"
  version = "v0.5.0"

[[projects]]
  digest = "1:fba61d8584058169c5bd4625196f33077ba937f7131625d4440686c5e4cff380"
  name = "github.com/dghubble/sling"
  packages = ["."]
  pruneopts = "UT"
  revision = "e2624bf29a7de45ab0802b09aea94ca0a7815c5f"
  version = "v1.2.0"

[[projects]]
  branch = "master"
  digest = "1:76c96b727b19646645c47ef8dcf42fe0ab7865d451a0973a3a89e69642ce368c"
  name = "github.com/generaltso/sadbox"
  packages = ["color"]
  pruneopts = "UT"
  revision = "27893f92b8ce8ff6fe913af4422216027fe5a4a7"

[[projects]]
  digest = "1:188b8fb3e9ea3a3dab7f8a8a1a52eec58d4d0774f83f2064073d01c73d8279d2"
  name = "github.com/generaltso/vibrant"
  packages = ["."]
  pruneopts = "UT"
  revision = "563623b97aee86e824ca3d720304fdeda5d92b9c"
  version = "v1.1"

[[projects]]
  branch = "master"
  digest = "1:78102ee4d536347316bc42e818340cc50902e45dbd7fdd524c5a1fc0cb07b588"
  name = "github.com/globalsign/mgo"
  packages = [
    ".",
    "bson",
    "internal/json",
    "internal/sasl",
    "internal/scram",
  ]
  pruneopts = "UT"
  revision = "eeefdecb41b842af6dc652aaea4026e8403e62df"

[[projects]]
  digest = "1:a63cff6b5d8b95638bfe300385d93b2a6d9d687734b863da8e09dc834510a690"
  name = "github.com/google/go-querystring"
  packages = ["query"]
  pruneopts = "UT"
  revision = "44c6ddd0a2342c386950e880b658017258da92fc"
  version = "v1.0.0"

[[projects]]
  branch = "master"
  digest = "1:34534b73e925d20cc72cf202f8b482fdcbe3a1b113e19375f31aadabd0f0f97d"
  name = "github.com/nfnt/resize"
  packages = ["."]
  pruneopts = "UT"
  revision = "83c6a9932646f83e3267f353373d47347b6036b2"

[[projects]]
  digest = "1:cf31692c14422fa27c83a05292eb5cbe0fb2775972e8f1f8446a71549bd8980b"
  name = "github.com/pkg/errors"
  packages = ["."]
  pruneopts = "UT"
  revision = "ba968bfe8b2f7e042a574c888954fccecfa385b4"
  version = "v0.8.1"

[[projects]]
  digest = "1:3261a88df0ef9f1cfaa7cdd7f95bb6e86c8b45dbe76a17a0a43dcfc00e72d621"
  name = "gopkg.in/gographics/imagick.v3"
  packages = [
    "imagick",
    "imagick/types",
  ]
  pruneopts = "UT"
  revision = "e5c95c340c8d9bf140ca670563906805b655d9d9"
  version = "v3.2.0"

[[projects]]
  branch = "v2"
  digest = "1:e9ffc5283e40419d0d038e1637fb877443677efd58fbf1642c66b028fd0cb2de"
  name = "gopkg.in/tucnak/telebot.v2"
  packages = ["."]
  pruneopts = "UT"
  revision = "8c1c512262f2f97b1212eb1751efb498d2038a0c"

[solve-meta]
  analyzer-name = "dep"
  analyzer-version = 1
  input-imports = [
    "github.com/dghubble/go-twitter/twitter",
    "github.com/dghubble/oauth1",
    "github.com/generaltso/vibrant",
    "github.com/globalsign/mgo",
    "github.com/globalsign/mgo/bson",
    "github.com/nfnt/resize",
    "github.com/pkg/errors",
    "gopkg.in/gographics/imagick.v3/imagick",
    "gopkg.in/tucnak/telebot.v2",
  ]
  solver-name = "gps-cdcl"
  solver-version = 1
